
Microsoft Visual Studio Solution File, Format Version 12.00
# Visual Studio Version 17
VisualStudioVersion = 17.7.34024.191
MinimumVisualStudioVersion = 10.0.40219.1
Project("{8BC9CEB8-8B4A-11D0-8D11-00A0C91BC942}") = "Lab 5.4", "Lab 5.4\Lab 5.4.vcxproj", "{475C7833-D607-4C56-AF4E-7BC25246B23F}"
EndProject
Project("{8BC9CEB8-8B4A-11D0-8D11-00A0C91BC942}") = "UnitTest1", "UnitTest1\UnitTest1.vcxproj", "{DA1CF731-C296-4D02-AA7E-370BCCB3AF2B}"
EndProject
Global
	GlobalSection(SolutionConfigurationPlatforms) = preSolution
		Debug|x64 = Debug|x64
		Debug|x86 = Debug|x86
		Release|x64 = Release|x64
		Release|x86 = Release|x86
	EndGlobalSection
	GlobalSection(ProjectConfigurationPlatforms) = postSolution
		{475C7833-D607-4C56-AF4E-7BC25246B23F}.Debug|x64.ActiveCfg = Debug|x64
		{475C7833-D607-4C56-AF4E-7BC25246B23F}.Debug|x64.Build.0 = Debug|x64
		{475C7833-D607-4C56-AF4E-7BC25246B23F}.Debug|x86.ActiveCfg = Debug|Win32
		{475C7833-D607-4C56-AF4E-7BC25246B23F}.Debug|x86.Build.0 = Debug|Win32
		{475C7833-D607-4C56-AF4E-7BC25246B23F}.Release|x64.ActiveCfg = Release|x64
		{475C7833-D607-4C56-AF4E-7BC25246B23F}.Release|x64.Build.0 = Release|x64
		{475C7833-D607-4C56-AF4E-7BC25246B23F}.Release|x86.ActiveCfg = Release|Win32
		{475C7833-D607-4C56-AF4E-7BC25246B23F}.Release|x86.Build.0 = Release|Win32
		{DA1CF731-C296-4D02-AA7E-370BCCB3AF2B}.Debug|x64.ActiveCfg = Debug|x64
		{DA1CF731-C296-4D02-AA7E-370BCCB3AF2B}.Debug|x64.Build.0 = Debug|x64
		{DA1CF731-C296-4D02-AA7E-370BCCB3AF2B}.Debug|x86.ActiveCfg = Debug|Win32
		{DA1CF731-C296-4D02-AA7E-370BCCB3AF2B}.Debug|x86.Build.0 = Debug|Win32
		{DA1CF731-C296-4D02-AA7E-370BCCB3AF2B}.Release|x64.ActiveCfg = Release|x64
		{DA1CF731-C296-4D02-AA7E-370BCCB3AF2B}.Release|x64.Build.0 = Release|x64
		{DA1CF731-C296-4D02-AA7E-370BCCB3AF2B}.Release|x86.ActiveCfg = Release|Win32
		{DA1CF731-C296-4D02-AA7E-370BCCB3AF2B}.Release|x86.Build.0 = Release|Win32
	EndGlobalSection
	GlobalSection(SolutionProperties) = preSolution
		HideSolutionNode = FALSE
	EndGlobalSection
	GlobalSection(ExtensibilityGlobals) = postSolution
		SolutionGuid = {FAD53EAF-8AA6-45C9-B11C-08BA18D8937B}
	EndGlobalSection
EndGlobal
